
Microsoft Visual Studio Solution File, Format Version 12.00
# Visual Studio Version 16
VisualStudioVersion = 16.0.31205.134
MinimumVisualStudioVersion = 10.0.40219.1
Project("{FAE04EC0-301F-11D3-BF4B-00C04F79EFBC}") = "GameCenter", "GameCenter\GameCenter.csproj", "{55B3AD5F-B1A5-4435-8BE7-CF5DB185ACB8}"
EndProject
Global
	GlobalSection(SolutionConfigurationPlatforms) = preSolution
		Debug|Any CPU = Debug|Any CPU
		Release|Any CPU = Release|Any CPU
	EndGlobalSection
	GlobalSection(ProjectConfigurationPlatforms) = postSolution
		{55B3AD5F-B1A5-4435-8BE7-CF5DB185ACB8}.Debug|Any CPU.ActiveCfg = Debug|Any CPU
		{55B3AD5F-B1A5-4435-8BE7-CF5DB185ACB8}.Debug|Any CPU.Build.0 = Debug|Any CPU
		{55B3AD5F-B1A5-4435-8BE7-CF5DB185ACB8}.Release|Any CPU.ActiveCfg = Release|Any CPU
		{55B3AD5F-B1A5-4435-8BE7-CF5DB185ACB8}.Release|Any CPU.Build.0 = Release|Any CPU
	EndGlobalSection
	GlobalSection(SolutionProperties) = preSolution
		HideSolutionNode = FALSE
	EndGlobalSection
	GlobalSection(ExtensibilityGlobals) = postSolution
		SolutionGuid = {8925572A-D6DC-4C9D-9C18-CF980ABF23C5}
	EndGlobalSection
EndGlobal
